
Microsoft Visual Studio Solution File, Format Version 12.00
# Visual Studio 15
VisualStudioVersion = 15.0.28010.2048
MinimumVisualStudioVersion = 10.0.40219.1
Project("{FAE04EC0-301F-11D3-BF4B-00C04F79EFBC}") = "Enunmo.Android", "Enunmo\Enunmo.Android\Enunmo.Android.csproj", "{02A870DE-E3A8-44A9-B662-2553D292B375}"
EndProject
Project("{FAE04EC0-301F-11D3-BF4B-00C04F79EFBC}") = "Enunmo.iOS", "Enunmo\Enunmo.iOS\Enunmo.iOS.csproj", "{8A144A55-2B56-4F1D-8B05-212D8EDAC252}"
EndProject
Project("{FAE04EC0-301F-11D3-BF4B-00C04F79EFBC}") = "Enunmo", "Enunmo\Enunmo\Enunmo.csproj", "{2C7567E0-5AA0-4156-AEF5-05D1EB33D697}"
EndProject
Global
	GlobalSection(SolutionConfigurationPlatforms) = preSolution
		Ad-Hoc|Any CPU = Ad-Hoc|Any CPU
		Ad-Hoc|iPhone = Ad-Hoc|iPhone
		Ad-Hoc|iPhoneSimulator = Ad-Hoc|iPhoneSimulator
		AppStore|Any CPU = AppStore|Any CPU
		AppStore|iPhone = AppStore|iPhone
		AppStore|iPhoneSimulator = AppStore|iPhoneSimulator
		Debug|Any CPU = Debug|Any CPU
		Debug|iPhone = Debug|iPhone
		Debug|iPhoneSimulator = Debug|iPhoneSimulator
		Release|Any CPU = Release|Any CPU
		Release|iPhone = Release|iPhone
		Release|iPhoneSimulator = Release|iPhoneSimulator
	EndGlobalSection
	GlobalSection(ProjectConfigurationPlatforms) = postSolution
		{02A870DE-E3A8-44A9-B662-2553D292B375}.Ad-Hoc|Any CPU.ActiveCfg = Release|Any CPU
		{02A870DE-E3A8-44A9-B662-2553D292B375}.Ad-Hoc|Any CPU.Build.0 = Release|Any CPU
		{02A870DE-E3A8-44A9-B662-2553D292B375}.Ad-Hoc|Any CPU.Deploy.0 = Release|Any CPU
		{02A870DE-E3A8-44A9-B662-2553D292B375}.Ad-Hoc|iPhone.ActiveCfg = Release|Any CPU
		{02A870DE-E3A8-44A9-B662-2553D292B375}.Ad-Hoc|iPhone.Build.0 = Release|Any CPU
		{02A870DE-E3A8-44A9-B662-2553D292B375}.Ad-Hoc|iPhone.Deploy.0 = Release|Any CPU
		{02A870DE-E3A8-44A9-B662-2553D292B375}.Ad-Hoc|iPhoneSimulator.ActiveCfg = Release|Any CPU
		{02A870DE-E3A8-44A9-B662-2553D292B375}.Ad-Hoc|iPhoneSimulator.Build.0 = Release|Any CPU
		{02A870DE-E3A8-44A9-B662-2553D292B375}.Ad-Hoc|iPhoneSimulator.Deploy.0 = Release|Any CPU
		{02A870DE-E3A8-44A9-B662-2553D292B375}.AppStore|Any CPU.ActiveCfg = Release|Any CPU
		{02A870DE-E3A8-44A9-B662-2553D292B375}.AppStore|Any CPU.Build.0 = Release|Any CPU
		{02A870DE-E3A8-44A9-B662-2553D292B375}.AppStore|Any CPU.Deploy.0 = Release|Any CPU
		{02A870DE-E3A8-44A9-B662-2553D292B375}.AppStore|iPhone.ActiveCfg = Release|Any CPU
		{02A870DE-E3A8-44A9-B662-2553D292B375}.AppStore|iPhone.Build.0 = Release|Any CPU
		{02A870DE-E3A8-44A9-B662-2553D292B375}.AppStore|iPhone.Deploy.0 = Release|Any CPU
		{02A870DE-E3A8-44A9-B662-2553D292B375}.AppStore|iPhoneSimulator.ActiveCfg = Release|Any CPU
		{02A870DE-E3A8-44A9-B662-2553D292B375}.AppStore|iPhoneSimulator.Build.0 = Release|Any CPU
		{02A870DE-E3A8-44A9-B662-2553D292B375}.AppStore|iPhoneSimulator.Deploy.0 = Release|Any CPU
		{02A870DE-E3A8-44A9-B662-2553D292B375}.Debug|Any CPU.ActiveCfg = Debug|Any CPU
		{02A870DE-E3A8-44A9-B662-2553D292B375}.Debug|Any CPU.Build.0 = Debug|Any CPU
		{02A870DE-E3A8-44A9-B662-2553D292B375}.Debug|Any CPU.Deploy.0 = Debug|Any CPU
		{02A870DE-E3A8-44A9-B662-2553D292B375}.Debug|iPhone.ActiveCfg = Debug|Any CPU
		{02A870DE-E3A8-44A9-B662-2553D292B375}.Debug|iPhone.Build.0 = Debug|Any CPU
		{02A870DE-E3A8-44A9-B662-2553D292B375}.Debug|iPhone.Deploy.0 = Debug|Any CPU
		{02A870DE-E3A8-44A9-B662-2553D292B375}.Debug|iPhoneSimulator.ActiveCfg = Debug|Any CPU
		{02A870DE-E3A8-44A9-B662-2553D292B375}.Debug|iPhoneSimulator.Build.0 = Debug|Any CPU
		{02A870DE-E3A8-44A9-B662-2553D292B375}.Debug|iPhoneSimulator.Deploy.0 = Debug|Any CPU
		{02A870DE-E3A8-44A9-B662-2553D292B375}.Release|Any CPU.ActiveCfg = Release|Any CPU
		{02A870DE-E3A8-44A9-B662-2553D292B375}.Release|Any CPU.Build.0 = Release|Any CPU
		{02A870DE-E3A8-44A9-B662-2553D292B375}.Release|Any CPU.Deploy.0 = Release|Any CPU
		{02A870DE-E3A8-44A9-B662-2553D292B375}.Release|iPhone.ActiveCfg = Release|Any CPU
		{02A870DE-E3A8-44A9-B662-2553D292B375}.Release|iPhone.Build.0 = Release|Any CPU
		{02A870DE-E3A8-44A9-B662-2553D292B375}.Release|iPhone.Deploy.0 = Release|Any CPU
		{02A870DE-E3A8-44A9-B662-2553D292B375}.Release|iPhoneSimulator.ActiveCfg = Release|Any CPU
		{02A870DE-E3A8-44A9-B662-2553D292B375}.Release|iPhoneSimulator.Build.0 = Release|Any CPU
		{02A870DE-E3A8-44A9-B662-2553D292B375}.Release|iPhoneSimulator.Deploy.0 = Release|Any CPU
		{8A144A55-2B56-4F1D-8B05-212D8EDAC252}.Ad-Hoc|Any CPU.ActiveCfg = Ad-Hoc|iPhone
		{8A144A55-2B56-4F1D-8B05-212D8EDAC252}.Ad-Hoc|Any CPU.Build.0 = Ad-Hoc|iPhone
		{8A144A55-2B56-4F1D-8B05-212D8EDAC252}.Ad-Hoc|Any CPU.Deploy.0 = Ad-Hoc|iPhone
		{8A144A55-2B56-4F1D-8B05-212D8EDAC252}.Ad-Hoc|iPhone.ActiveCfg = Ad-Hoc|iPhone
		{8A144A55-2B56-4F1D-8B05-212D8EDAC252}.Ad-Hoc|iPhone.Build.0 = Ad-Hoc|iPhone
		{8A144A55-2B56-4F1D-8B05-212D8EDAC252}.Ad-Hoc|iPhone.Deploy.0 = Ad-Hoc|iPhone
		{8A144A55-2B56-4F1D-8B05-212D8EDAC252}.Ad-Hoc|iPhoneSimulator.ActiveCfg = Ad-Hoc|iPhoneSimulator
		{8A144A55-2B56-4F1D-8B05-212D8EDAC252}.Ad-Hoc|iPhoneSimulator.Build.0 = Ad-Hoc|iPhoneSimulator
		{8A144A55-2B56-4F1D-8B05-212D8EDAC252}.Ad-Hoc|iPhoneSimulator.Deploy.0 = Ad-Hoc|iPhoneSimulator
		{8A144A55-2B56-4F1D-8B05-212D8EDAC252}.AppStore|Any CPU.ActiveCfg = AppStore|iPhone
		{8A144A55-2B56-4F1D-8B05-212D8EDAC252}.AppStore|Any CPU.Build.0 = AppStore|iPhone
		{8A144A55-2B56-4F1D-8B05-212D8EDAC252}.AppStore|Any CPU.Deploy.0 = AppStore|iPhone
		{8A144A55-2B56-4F1D-8B05-212D8EDAC252}.AppStore|iPhone.ActiveCfg = AppStore|iPhone
		{8A144A55-2B56-4F1D-8B05-212D8EDAC252}.AppStore|iPhone.Build.0 = AppStore|iPhone
		{8A144A55-2B56-4F1D-8B05-212D8EDAC252}.AppStore|iPhone.Deploy.0 = AppStore|iPhone
		{8A144A55-2B56-4F1D-8B05-212D8EDAC252}.AppStore|iPhoneSimulator.ActiveCfg = AppStore|iPhoneSimulator
		{8A144A55-2B56-4F1D-8B05-212D8EDAC252}.AppStore|iPhoneSimulator.Build.0 = AppStore|iPhoneSimulator
		{8A144A55-2B56-4F1D-8B05-212D8EDAC252}.AppStore|iPhoneSimulator.Deploy.0 = AppStore|iPhoneSimulator
		{8A144A55-2B56-4F1D-8B05-212D8EDAC252}.Debug|Any CPU.ActiveCfg = Debug|iPhoneSimulator
		{8A144A55-2B56-4F1D-8B05-212D8EDAC252}.Debug|Any CPU.Build.0 = Debug|iPhoneSimulator
		{8A144A55-2B56-4F1D-8B05-212D8EDAC252}.Debug|Any CPU.Deploy.0 = Debug|iPhoneSimulator
		{8A144A55-2B56-4F1D-8B05-212D8EDAC252}.Debug|iPhone.ActiveCfg = Debug|iPhone
		{8A144A55-2B56-4F1D-8B05-212D8EDAC252}.Debug|iPhone.Build.0 = Debug|iPhone
		{8A144A55-2B56-4F1D-8B05-212D8EDAC252}.Debug|iPhone.Deploy.0 = Debug|iPhone
		{8A144A55-2B56-4F1D-8B05-212D8EDAC252}.Debug|iPhoneSimulator.ActiveCfg = Debug|iPhoneSimulator
		{8A144A55-2B56-4F1D-8B05-212D8EDAC252}.Debug|iPhoneSimulator.Build.0 = Debug|iPhoneSimulator
		{8A144A55-2B56-4F1D-8B05-212D8EDAC252}.Debug|iPhoneSimulator.Deploy.0 = Debug|iPhoneSimulator
		{8A144A55-2B56-4F1D-8B05-212D8EDAC252}.Release|Any CPU.ActiveCfg = Release|iPhone
		{8A144A55-2B56-4F1D-8B05-212D8EDAC252}.Release|Any CPU.Build.0 = Release|iPhone
		{8A144A55-2B56-4F1D-8B05-212D8EDAC252}.Release|Any CPU.Deploy.0 = Release|iPhone
		{8A144A55-2B56-4F1D-8B05-212D8EDAC252}.Release|iPhone.ActiveCfg = Release|iPhone
		{8A144A55-2B56-4F1D-8B05-212D8EDAC252}.Release|iPhone.Build.0 = Release|iPhone
		{8A144A55-2B56-4F1D-8B05-212D8EDAC252}.Release|iPhone.Deploy.0 = Release|iPhone
		{8A144A55-2B56-4F1D-8B05-212D8EDAC252}.Release|iPhoneSimulator.ActiveCfg = Release|iPhoneSimulator
		{8A144A55-2B56-4F1D-8B05-212D8EDAC252}.Release|iPhoneSimulator.Build.0 = Release|iPhoneSimulator
		{8A144A55-2B56-4F1D-8B05-212D8EDAC252}.Release|iPhoneSimulator.Deploy.0 = Release|iPhoneSimulator
		{2C7567E0-5AA0-4156-AEF5-05D1EB33D697}.Ad-Hoc|Any CPU.ActiveCfg = Debug|Any CPU
		{2C7567E0-5AA0-4156-AEF5-05D1EB33D697}.Ad-Hoc|Any CPU.Build.0 = Debug|Any CPU
		{2C7567E0-5AA0-4156-AEF5-05D1EB33D697}.Ad-Hoc|Any CPU.Deploy.0 = Debug|Any CPU
		{2C7567E0-5AA0-4156-AEF5-05D1EB33D697}.Ad-Hoc|iPhone.ActiveCfg = Debug|Any CPU
		{2C7567E0-5AA0-4156-AEF5-05D1EB33D697}.Ad-Hoc|iPhone.Build.0 = Debug|Any CPU
		{2C7567E0-5AA0-4156-AEF5-05D1EB33D697}.Ad-Hoc|iPhone.Deploy.0 = Debug|Any CPU
		{2C7567E0-5AA0-4156-AEF5-05D1EB33D697}.Ad-Hoc|iPhoneSimulator.ActiveCfg = Debug|Any CPU
		{2C7567E0-5AA0-4156-AEF5-05D1EB33D697}.Ad-Hoc|iPhoneSimulator.Build.0 = Debug|Any CPU
		{2C7567E0-5AA0-4156-AEF5-05D1EB33D697}.Ad-Hoc|iPhoneSimulator.Deploy.0 = Debug|Any CPU
		{2C7567E0-5AA0-4156-AEF5-05D1EB33D697}.AppStore|Any CPU.ActiveCfg = Debug|Any CPU
		{2C7567E0-5AA0-4156-AEF5-05D1EB33D697}.AppStore|Any CPU.Build.0 = Debug|Any CPU
		{2C7567E0-5AA0-4156-AEF5-05D1EB33D697}.AppStore|Any CPU.Deploy.0 = Debug|Any CPU
		{2C7567E0-5AA0-4156-AEF5-05D1EB33D697}.AppStore|iPhone.ActiveCfg = Debug|Any CPU
		{2C7567E0-5AA0-4156-AEF5-05D1EB33D697}.AppStore|iPhone.Build.0 = Debug|Any CPU
		{2C7567E0-5AA0-4156-AEF5-05D1EB33D697}.AppStore|iPhone.Deploy.0 = Debug|Any CPU
		{2C7567E0-5AA0-4156-AEF5-05D1EB33D697}.AppStore|iPhoneSimulator.ActiveCfg = Debug|Any CPU
		{2C7567E0-5AA0-4156-AEF5-05D1EB33D697}.AppStore|iPhoneSimulator.Build.0 = Debug|Any CPU
		{2C7567E0-5AA0-4156-AEF5-05D1EB33D697}.AppStore|iPhoneSimulator.Deploy.0 = Debug|Any CPU
		{2C7567E0-5AA0-4156-AEF5-05D1EB33D697}.Debug|Any CPU.ActiveCfg = Debug|Any CPU
		{2C7567E0-5AA0-4156-AEF5-05D1EB33D697}.Debug|Any CPU.Build.0 = Debug|Any CPU
		{2C7567E0-5AA0-4156-AEF5-05D1EB33D697}.Debug|Any CPU.Deploy.0 = Debug|Any CPU
		{2C7567E0-5AA0-4156-AEF5-05D1EB33D697}.Debug|iPhone.ActiveCfg = Debug|Any CPU
		{2C7567E0-5AA0-4156-AEF5-05D1EB33D697}.Debug|iPhone.Build.0 = Debug|Any CPU
		{2C7567E0-5AA0-4156-AEF5-05D1EB33D697}.Debug|iPhone.Deploy.0 = Debug|Any CPU
		{2C7567E0-5AA0-4156-AEF5-05D1EB33D697}.Debug|iPhoneSimulator.ActiveCfg = Debug|Any CPU
		{2C7567E0-5AA0-4156-AEF5-05D1EB33D697}.Debug|iPhoneSimulator.Build.0 = Debug|Any CPU
		{2C7567E0-5AA0-4156-AEF5-05D1EB33D697}.Debug|iPhoneSimulator.Deploy.0 = Debug|Any CPU
		{2C7567E0-5AA0-4156-AEF5-05D1EB33D697}.Release|Any CPU.ActiveCfg = Release|Any CPU
		{2C7567E0-5AA0-4156-AEF5-05D1EB33D697}.Release|Any CPU.Build.0 = Release|Any CPU
		{2C7567E0-5AA0-4156-AEF5-05D1EB33D697}.Release|Any CPU.Deploy.0 = Release|Any CPU
		{2C7567E0-5AA0-4156-AEF5-05D1EB33D697}.Release|iPhone.ActiveCfg = Release|Any CPU
		{2C7567E0-5AA0-4156-AEF5-05D1EB33D697}.Release|iPhone.Build.0 = Release|Any CPU
		{2C7567E0-5AA0-4156-AEF5-05D1EB33D697}.Release|iPhone.Deploy.0 = Release|Any CPU
		{2C7567E0-5AA0-4156-AEF5-05D1EB33D697}.Release|iPhoneSimulator.ActiveCfg = Release|Any CPU
		{2C7567E0-5AA0-4156-AEF5-05D1EB33D697}.Release|iPhoneSimulator.Build.0 = Release|Any CPU
		{2C7567E0-5AA0-4156-AEF5-05D1EB33D697}.Release|iPhoneSimulator.Deploy.0 = Release|Any CPU
	EndGlobalSection
	GlobalSection(SolutionProperties) = preSolution
		HideSolutionNode = FALSE
	EndGlobalSection
	GlobalSection(ExtensibilityGlobals) = postSolution
		SolutionGuid = {DEFDACB7-B150-4E07-AF21-0313DEBDC428}
	EndGlobalSection
EndGlobal
